PODS:
  - DTCoreText (1.6.14):
    - DTFoundation/Core (~> 1.7.1)
    - DTFoundation/DTAnimatedGIF (~> 1.7.1)
    - DTFoundation/DTHTMLParser (~> 1.7.1)
    - DTFoundation/UIKit (~> 1.7.1)
  - DTFoundation/Core (1.7.5)
  - DTFoundation/DTAnimatedGIF (1.7.5)
  - DTFoundation/DTHTMLParser (1.7.5):
    - DTFoundation/Core
  - DTFoundation/UIKit (1.7.5):
    - DTFoundation/Core
  - FlurrySDK (5.4.0):
    - FlurrySDK/FlurrySDK
  - FlurrySDK/FlurrySDK (5.4.0)
  - XCDYouTubeKit (2.0.3)
  - YIPopupTextView (1.1.1)

DEPENDENCIES:
  - DTCoreText
  - FlurrySDK (~> 5.4)
  - XCDYouTubeKit (~> 2.0.2)
  - YIPopupTextView

SPEC CHECKSUMS:
  DTCoreText: be48bbe94562eeb24b29110d25bd9d0dcc566a6c
  DTFoundation: 1d28080c20c3da041706545363f8238ab53a6204
  FlurrySDK: 7f929b68dea38ce735979fb039229f62c0b697b5
  XCDYouTubeKit: 43d81f21de14baccadc8499faa6b78b6d83b0910
  YIPopupTextView: fbed483a5e6fc61f5f61ff6f074a1558466c0c4d

COCOAPODS: 0.34.2
